{
  "name": "3Dtiktoktoejs",
  "lockfileVersion": 2,
  "requires": true,
  "packages": {
    "": {
      "dependencies": {
        "three": "^0.143.0"
      }
    },
    "node_modules/three": {
      "version": "0.143.0",
      "resolved": "https://artylab.expedia.biz/api/npm/public-npm-virtual/three/-/three-0.143.0.tgz",
      "integrity": "sha1-FFW8oTLMKyC+t/QdMT4Qwp5e2d8=",
      "license": "MIT"
    }
  },
  "dependencies": {
    "three": {
      "version": "0.143.0",
      "resolved": "https://artylab.expedia.biz/api/npm/public-npm-virtual/three/-/three-0.143.0.tgz",
      "integrity": "sha1-FFW8oTLMKyC+t/QdMT4Qwp5e2d8="
    }
  }
}
